// !$*UTF8*$!
{
	archiveVersion = 1;
	classes = {
	};
	objectVersion = 56;
	objects = {

/* Begin PBXBuildFile section */
		585B9EE22B9FEF4200E8E7E7 /* RockPaperScissorApp.swift in Sources */ = {isa = PBXBuildFile; fileRef = 585B9EE12B9FEF4200E8E7E7 /* RockPaperScissorApp.swift */; };
		585B9EE42B9FEF4200E8E7E7 /* ContentView.swift in Sources */ = {isa = PBXBuildFile; fileRef = 585B9EE32B9FEF4200E8E7E7 /* ContentView.swift */; };
		585B9EE62B9FEF4200E8E7E7 /* Item.swift in Sources */ = {isa = PBXBuildFile; fileRef = 585B9EE52B9FEF4200E8E7E7 /* Item.swift */; };
		585B9EE82B9FEF4300E8E7E7 /* Assets.xcassets in Resources */ = {isa = PBXBuildFile; fileRef = 585B9EE72B9FEF4300E8E7E7 /* Assets.xcassets */; };
		585B9EEC2B9FEF4300E8E7E7 /* Preview Assets.xcassets in Resources */ = {isa = PBXBuildFile; fileRef = 585B9EEB2B9FEF4300E8E7E7 /* Preview Assets.xcassets */; };
		585B9EF62B9FEF4300E8E7E7 /* RockPaperScissorTests.swift in Sources */ = {isa = PBXBuildFile; fileRef = 585B9EF52B9FEF4300E8E7E7 /* RockPaperScissorTests.swift */; };
		585B9F002B9FEF4300E8E7E7 /* RockPaperScissorUITests.swift in Sources */ = {isa = PBXBuildFile; fileRef = 585B9EFF2B9FEF4300E8E7E7 /* RockPaperScissorUITests.swift */; };
		585B9F022B9FEF4300E8E7E7 /* RockPaperScissorUITestsLaunchTests.swift in Sources */ = {isa = PBXBuildFile; fileRef = 585B9F012B9FEF4300E8E7E7 /* RockPaperScissorUITestsLaunchTests.swift */; };
/* End PBXBuildFile section */

/* Begin PBXContainerItemProxy section */
		585B9EF22B9FEF4300E8E7E7 /* PBXContainerItemProxy */ = {
			isa = PBXContainerItemProxy;
			containerPortal = 585B9ED62B9FEF4200E8E7E7 /* Project object */;
			proxyType = 1;
			remoteGlobalIDString = 585B9EDD2B9FEF4200E8E7E7;
			remoteInfo = RockPaperScissor;
		};
		585B9EFC2B9FEF4300E8E7E7 /* PBXContainerItemProxy */ = {
			isa = PBXContainerItemProxy;
			containerPortal = 585B9ED62B9FEF4200E8E7E7 /* Project object */;
			proxyType = 1;
			remoteGlobalIDString = 585B9EDD2B9FEF4200E8E7E7;
			remoteInfo = RockPaperScissor;
		};
/* End PBXContainerItemProxy section */

/* Begin PBXFileReference section */
		585B9EDE2B9FEF4200E8E7E7 /* RockPaperScissor.app */ = {isa = PBXFileReference; explicitFileType = wrapper.application; includeInIndex = 0; path = RockPaperScissor.app; sourceTree = BUILT_PRODUCTS_DIR; };
		585B9EE12B9FEF4200E8E7E7 /* RockPaperScissorApp.swift */ = {isa = PBXFileReference; lastKnownFileType = sourcecode.swift; path = RockPaperScissorApp.swift; sourceTree = "<group>"; };
		585B9EE32B9FEF4200E8E7E7 /* ContentView.swift */ = {isa = PBXFileReference; lastKnownFileType = sourcecode.swift; path = ContentView.swift; sourceTree = "<group>"; };
		585B9EE52B9FEF4200E8E7E7 /* Item.swift */ = {isa = PBXFileReference; lastKnownFileType = sourcecode.swift; path = Item.swift; sourceTree = "<group>"; };
		585B9EE72B9FEF4300E8E7E7 /* Assets.xcassets */ = {isa = PBXFileReference; lastKnownFileType = folder.assetcatalog; path = Assets.xcassets; sourceTree = "<group>"; };
		585B9EE92B9FEF4300E8E7E7 /* RockPaperScissor.entitlements */ = {isa = PBXFileReference; lastKnownFileType = text.plist.entitlements; path = RockPaperScissor.entitlements; sourceTree = "<group>"; };
		585B9EEB2B9FEF4300E8E7E7 /* Preview Assets.xcassets */ = {isa = PBXFileReference; lastKnownFileType = folder.assetcatalog; path = "Preview Assets.xcassets"; sourceTree = "<group>"; };
		585B9EF12B9FEF4300E8E7E7 /* RockPaperScissorTests.xctest */ = {isa = PBXFileReference; explicitFileType = wrapper.cfbundle; includeInIndex = 0; path = RockPaperScissorTests.xctest; sourceTree = BUILT_PRODUCTS_DIR; };
		585B9EF52B9FEF4300E8E7E7 /* RockPaperScissorTests.swift */ = {isa = PBXFileReference; lastKnownFileType = sourcecode.swift; path = RockPaperScissorTests.swift; sourceTree = "<group>"; };
		585B9EFB2B9FEF4300E8E7E7 /* RockPaperScissorUITests.xctest */ = {isa = PBXFileReference; explicitFileType = wrapper.cfbundle; includeInIndex = 0; path = RockPaperScissorUITests.xctest; sourceTree = BUILT_PRODUCTS_DIR; };
		585B9EFF2B9FEF4300E8E7E7 /* RockPaperScissorUITests.swift */ = {isa = PBXFileReference; lastKnownFileType = sourcecode.swift; path = RockPaperScissorUITests.swift; sourceTree = "<group>"; };
		585B9F012B9FEF4300E8E7E7 /* RockPaperScissorUITestsLaunchTests.swift */ = {isa = PBXFileReference; lastKnownFileType = sourcecode.swift; path = RockPaperScissorUITestsLaunchTests.swift; sourceTree = "<group>"; };
/* End PBXFileReference section */

/* Begin PBXFrameworksBuildPhase section */
		585B9EDB2B9FEF4200E8E7E7 /* Frameworks */ = {
			isa = PBXFrameworksBuildPhase;
			buildActionMask = 2147483647;
			files = (
			);
			runOnlyForDeploymentPostprocessing = 0;
		};
		585B9EEE2B9FEF4300E8E7E7 /* Frameworks */ = {
			isa = PBXFrameworksBuildPhase;
			buildActionMask = 2147483647;
			files = (
			);
			runOnlyForDeploymentPostprocessing = 0;
		};
		585B9EF82B9FEF4300E8E7E7 /* Frameworks */ = {
			isa = PBXFrameworksBuildPhase;
			buildActionMask = 2147483647;
			files = (
			);
			runOnlyForDeploymentPostprocessing = 0;
		};
/* End PBXFrameworksBuildPhase section */

/* Begin PBXGroup section */
		585B9ED52B9FEF4200E8E7E7 = {
			isa = PBXGroup;
			children = (
				585B9EE02B9FEF4200E8E7E7 /* RockPaperScissor */,
				585B9EF42B9FEF4300E8E7E7 /* RockPaperScissorTests */,
				585B9EFE2B9FEF4300E8E7E7 /* RockPaperScissorUITests */,
				585B9EDF2B9FEF4200E8E7E7 /* Products */,
			);
			sourceTree = "<group>";
		};
		585B9EDF2B9FEF4200E8E7E7 /* Products */ = {
			isa = PBXGroup;
			children = (
				585B9EDE2B9FEF4200E8E7E7 /* RockPaperScissor.app */,
				585B9EF12B9FEF4300E8E7E7 /* RockPaperScissorTests.xctest */,
				585B9EFB2B9FEF4300E8E7E7 /* RockPaperScissorUITests.xctest */,
			);
			name = Products;
			sourceTree = "<group>";
		};
		585B9EE02B9FEF4200E8E7E7 /* RockPaperScissor */ = {
			isa = PBXGroup;
			children = (
				585B9EE12B9FEF4200E8E7E7 /* RockPaperScissorApp.swift */,
				585B9EE32B9FEF4200E8E7E7 /* ContentView.swift */,
				585B9EE52B9FEF4200E8E7E7 /* Item.swift */,
				585B9EE72B9FEF4300E8E7E7 /* Assets.xcassets */,
				585B9EE92B9FEF4300E8E7E7 /* RockPaperScissor.entitlements */,
				585B9EEA2B9FEF4300E8E7E7 /* Preview Content */,
			);
			path = RockPaperScissor;
			sourceTree = "<group>";
		};
		585B9EEA2B9FEF4300E8E7E7 /* Preview Content */ = {
			isa = PBXGroup;
			children = (
				585B9EEB2B9FEF4300E8E7E7 /* Preview Assets.xcassets */,
			);
			path = "Preview Content";
			sourceTree = "<group>";
		};
		585B9EF42B9FEF4300E8E7E7 /* RockPaperScissorTests */ = {
			isa = PBXGroup;
			children = (
				585B9EF52B9FEF4300E8E7E7 /* RockPaperScissorTests.swift */,
			);
			path = RockPaperScissorTests;
			sourceTree = "<group>";
		};
		585B9EFE2B9FEF4300E8E7E7 /* RockPaperScissorUITests */ = {
			isa = PBXGroup;
			children = (
				585B9EFF2B9FEF4300E8E7E7 /* RockPaperScissorUITests.swift */,
				585B9F012B9FEF4300E8E7E7 /* RockPaperScissorUITestsLaunchTests.swift */,
			);
			path = RockPaperScissorUITests;
			sourceTree = "<group>";
		};
/* End PBXGroup section */

/* Begin PBXNativeTarget section */
		585B9EDD2B9FEF4200E8E7E7 /* RockPaperScissor */ = {
			isa = PBXNativeTarget;
			buildConfigurationList = 585B9F052B9FEF4300E8E7E7 /* Build configuration list for PBXNativeTarget "RockPaperScissor" */;
			buildPhases = (
				585B9EDA2B9FEF4200E8E7E7 /* Sources */,
				585B9EDB2B9FEF4200E8E7E7 /* Frameworks */,
				585B9EDC2B9FEF4200E8E7E7 /* Resources */,
			);
			buildRules = (
			);
			dependencies = (
			);
			name = RockPaperScissor;
			productName = RockPaperScissor;
			productReference = 585B9EDE2B9FEF4200E8E7E7 /* RockPaperScissor.app */;
			productType = "com.apple.product-type.application";
		};
		585B9EF02B9FEF4300E8E7E7 /* RockPaperScissorTests */ = {
			isa = PBXNativeTarget;
			buildConfigurationList = 585B9F082B9FEF4300E8E7E7 /* Build configuration list for PBXNativeTarget "RockPaperScissorTests" */;
			buildPhases = (
				585B9EED2B9FEF4300E8E7E7 /* Sources */,
				585B9EEE2B9FEF4300E8E7E7 /* Frameworks */,
				585B9EEF2B9FEF4300E8E7E7 /* Resources */,
			);
			buildRules = (
			);
			dependencies = (
				585B9EF32B9FEF4300E8E7E7 /* PBXTargetDependency */,
			);
			name = RockPaperScissorTests;
			productName = RockPaperScissorTests;
			productReference = 585B9EF12B9FEF4300E8E7E7 /* RockPaperScissorTests.xctest */;
			productType = "com.apple.product-type.bundle.unit-test";
		};
		585B9EFA2B9FEF4300E8E7E7 /* RockPaperScissorUITests */ = {
			isa = PBXNativeTarget;
			buildConfigurationList = 585B9F0B2B9FEF4300E8E7E7 /* Build configuration list for PBXNativeTarget "RockPaperScissorUITests" */;
			buildPhases = (
				585B9EF72B9FEF4300E8E7E7 /* Sources */,
				585B9EF82B9FEF4300E8E7E7 /* Frameworks */,
				585B9EF92B9FEF4300E8E7E7 /* Resources */,
			);
			buildRules = (
			);
			dependencies = (
				585B9EFD2B9FEF4300E8E7E7 /* PBXTargetDependency */,
			);
			name = RockPaperScissorUITests;
			productName = RockPaperScissorUITests;
			productReference = 585B9EFB2B9FEF4300E8E7E7 /* RockPaperScissorUITests.xctest */;
			productType = "com.apple.product-type.bundle.ui-testing";
		};
/* End PBXNativeTarget section */

/* Begin PBXProject section */
		585B9ED62B9FEF4200E8E7E7 /* Project object */ = {
			isa = PBXProject;
			attributes = {
				BuildIndependentTargetsInParallel = 1;
				LastSwiftUpdateCheck = 1520;
				LastUpgradeCheck = 1520;
				TargetAttributes = {
					585B9EDD2B9FEF4200E8E7E7 = {
						CreatedOnToolsVersion = 15.2;
					};
					585B9EF02B9FEF4300E8E7E7 = {
						CreatedOnToolsVersion = 15.2;
						TestTargetID = 585B9EDD2B9FEF4200E8E7E7;
					};
					585B9EFA2B9FEF4300E8E7E7 = {
						CreatedOnToolsVersion = 15.2;
						TestTargetID = 585B9EDD2B9FEF4200E8E7E7;
					};
				};
			};
			buildConfigurationList = 585B9ED92B9FEF4200E8E7E7 /* Build configuration list for PBXProject "RockPaperScissor" */;
			compatibilityVersion = "Xcode 14.0";
			developmentRegion = en;
			hasScannedForEncodings = 0;
			knownRegions = (
				en,
				Base,
			);
			mainGroup = 585B9ED52B9FEF4200E8E7E7;
			productRefGroup = 585B9EDF2B9FEF4200E8E7E7 /* Products */;
			projectDirPath = "";
			projectRoot = "";
			targets = (
				585B9EDD2B9FEF4200E8E7E7 /* RockPaperScissor */,
				585B9EF02B9FEF4300E8E7E7 /* RockPaperScissorTests */,
				585B9EFA2B9FEF4300E8E7E7 /* RockPaperScissorUITests */,
			);
		};
/* End PBXProject section */

/* Begin PBXResourcesBuildPhase section */
		585B9EDC2B9FEF4200E8E7E7 /* Resources */ = {
			isa = PBXResourcesBuildPhase;
			buildActionMask = 2147483647;
			files = (
				585B9EEC2B9FEF4300E8E7E7 /* Preview Assets.xcassets in Resources */,
				585B9EE82B9FEF4300E8E7E7 /* Assets.xcassets in Resources */,
			);
			runOnlyForDeploymentPostprocessing = 0;
		};
		585B9EEF2B9FEF4300E8E7E7 /* Resources */ = {
			isa = PBXResourcesBuildPhase;
			buildActionMask = 2147483647;
			files = (
			);
			runOnlyForDeploymentPostprocessing = 0;
		};
		585B9EF92B9FEF4300E8E7E7 /* Resources */ = {
			isa = PBXResourcesBuildPhase;
			buildActionMask = 2147483647;
			files = (
			);
			runOnlyForDeploymentPostprocessing = 0;
		};
/* End PBXResourcesBuildPhase section */

/* Begin PBXSourcesBuildPhase section */
		585B9EDA2B9FEF4200E8E7E7 /* Sources */ = {
			isa = PBXSourcesBuildPhase;
			buildActionMask = 2147483647;
			files = (
				585B9EE42B9FEF4200E8E7E7 /* ContentView.swift in Sources */,
				585B9EE62B9FEF4200E8E7E7 /* Item.swift in Sources */,
				585B9EE22B9FEF4200E8E7E7 /* RockPaperScissorApp.swift in Sources */,
			);
			runOnlyForDeploymentPostprocessing = 0;
		};
		585B9EED2B9FEF4300E8E7E7 /* Sources */ = {
			isa = PBXSourcesBuildPhase;
			buildActionMask = 2147483647;
			files = (
				585B9EF62B9FEF4300E8E7E7 /* RockPaperScissorTests.swift in Sources */,
			);
			runOnlyForDeploymentPostprocessing = 0;
		};
		585B9EF72B9FEF4300E8E7E7 /* Sources */ = {
			isa = PBXSourcesBuildPhase;
			buildActionMask = 2147483647;
			files = (
				585B9F002B9FEF4300E8E7E7 /* RockPaperScissorUITests.swift in Sources */,
				585B9F022B9FEF4300E8E7E7 /* RockPaperScissorUITestsLaunchTests.swift in Sources */,
			);
			runOnlyForDeploymentPostprocessing = 0;
		};
/* End PBXSourcesBuildPhase section */

/* Begin PBXTargetDependency section */
		585B9EF32B9FEF4300E8E7E7 /* PBXTargetDependency */ = {
			isa = PBXTargetDependency;
			target = 585B9EDD2B9FEF4200E8E7E7 /* RockPaperScissor */;
			targetProxy = 585B9EF22B9FEF4300E8E7E7 /* PBXContainerItemProxy */;
		};
		585B9EFD2B9FEF4300E8E7E7 /* PBXTargetDependency */ = {
			isa = PBXTargetDependency;
			target = 585B9EDD2B9FEF4200E8E7E7 /* RockPaperScissor */;
			targetProxy = 585B9EFC2B9FEF4300E8E7E7 /* PBXContainerItemProxy */;
		};
/* End PBXTargetDependency section */

/* Begin XCBuildConfiguration section */
		585B9F032B9FEF4300E8E7E7 /* Debug */ = {
			isa = XCBuildConfiguration;
			buildSettings = {
				ALWAYS_SEARCH_USER_PATHS = NO;
				ASSETCATALOG_COMPILER_GENERATE_SWIFT_ASSET_SYMBOL_EXTENSIONS = YES;
				CLANG_ANALYZER_NONNULL = YES;
				CLANG_ANALYZER_NUMBER_OBJECT_CONVERSION = YES_AGGRESSIVE;
				CLANG_CXX_LANGUAGE_STANDARD = "gnu++20";
				CLANG_ENABLE_MODULES = YES;
				CLANG_ENABLE_OBJC_ARC = YES;
				CLANG_ENABLE_OBJC_WEAK = YES;
				CLANG_WARN_BLOCK_CAPTURE_AUTORELEASING = YES;
				CLANG_WARN_BOOL_CONVERSION = YES;
				CLANG_WARN_COMMA = YES;
				CLANG_WARN_CONSTANT_CONVERSION = YES;
				CLANG_WARN_DEPRECATED_OBJC_IMPLEMENTATIONS = YES;
				CLANG_WARN_DIRECT_OBJC_ISA_USAGE = YES_ERROR;
				CLANG_WARN_DOCUMENTATION_COMMENTS = YES;
				CLANG_WARN_EMPTY_BODY = YES;
				CLANG_WARN_ENUM_CONVERSION = YES;
				CLANG_WARN_INFINITE_RECURSION = YES;
				CLANG_WARN_INT_CONVERSION = YES;
				CLANG_WARN_NON_LITERAL_NULL_CONVERSION = YES;
				CLANG_WARN_OBJC_IMPLICIT_RETAIN_SELF = YES;
				CLANG_WARN_OBJC_LITERAL_CONVERSION = YES;
				CLANG_WARN_OBJC_ROOT_CLASS = YES_ERROR;
				CLANG_WARN_QUOTED_INCLUDE_IN_FRAMEWORK_HEADER = YES;
				CLANG_WARN_RANGE_LOOP_ANALYSIS = YES;
				CLANG_WARN_STRICT_PROTOTYPES = YES;
				CLANG_WARN_SUSPICIOUS_MOVE = YES;
				CLANG_WARN_UNGUARDED_AVAILABILITY = YES_AGGRESSIVE;
				CLANG_WARN_UNREACHABLE_CODE = YES;
				CLANG_WARN__DUPLICATE_METHOD_MATCH = YES;
				COPY_PHASE_STRIP = NO;
				DEBUG_INFORMATION_FORMAT = dwarf;
				ENABLE_STRICT_OBJC_MSGSEND = YES;
				ENABLE_TESTABILITY = YES;
				ENABLE_USER_SCRIPT_SANDBOXING = YES;
				GCC_C_LANGUAGE_STANDARD = gnu17;
				GCC_DYNAMIC_NO_PIC = NO;
				GCC_NO_COMMON_BLOCKS = YES;
				GCC_OPTIMIZATION_LEVEL = 0;
				GCC_PREPROCESSOR_DEFINITIONS = (
					"DEBUG=1",
					"$(inherited)",
				);
				GCC_WARN_64_TO_32_BIT_CONVERSION = YES;
				GCC_WARN_ABOUT_RETURN_TYPE = YES_ERROR;
				GCC_WARN_UNDECLARED_SELECTOR = YES;
				GCC_WARN_UNINITIALIZED_AUTOS = YES_AGGRESSIVE;
				GCC_WARN_UNUSED_FUNCTION = YES;
				GCC_WARN_UNUSED_VARIABLE = YES;
				LOCALIZATION_PREFERS_STRING_CATALOGS = YES;
				MTL_ENABLE_DEBUG_INFO = INCLUDE_SOURCE;
				MTL_FAST_MATH = YES;
				ONLY_ACTIVE_ARCH = YES;
				SWIFT_ACTIVE_COMPILATION_CONDITIONS = "DEBUG $(inherited)";
				SWIFT_OPTIMIZATION_LEVEL = "-Onone";
			};
			name = Debug;
		};
		585B9F042B9FEF4300E8E7E7 /* Release */ = {
			isa = XCBuildConfiguration;
			buildSettings = {
				ALWAYS_SEARCH_USER_PATHS = NO;
				ASSETCATALOG_COMPILER_GENERATE_SWIFT_ASSET_SYMBOL_EXTENSIONS = YES;
				CLANG_ANALYZER_NONNULL = YES;
				CLANG_ANALYZER_NUMBER_OBJECT_CONVERSION = YES_AGGRESSIVE;
				CLANG_CXX_LANGUAGE_STANDARD = "gnu++20";
				CLANG_ENABLE_MODULES = YES;
				CLANG_ENABLE_OBJC_ARC = YES;
				CLANG_ENABLE_OBJC_WEAK = YES;
				CLANG_WARN_BLOCK_CAPTURE_AUTORELEASING = YES;
				CLANG_WARN_BOOL_CONVERSION = YES;
				CLANG_WARN_COMMA = YES;
				CLANG_WARN_CONSTANT_CONVERSION = YES;
				CLANG_WARN_DEPRECATED_OBJC_IMPLEMENTATIONS = YES;
				CLANG_WARN_DIRECT_OBJC_ISA_USAGE = YES_ERROR;
				CLANG_WARN_DOCUMENTATION_COMMENTS = YES;
				CLANG_WARN_EMPTY_BODY = YES;
				CLANG_WARN_ENUM_CONVERSION = YES;
				CLANG_WARN_INFINITE_RECURSION = YES;
				CLANG_WARN_INT_CONVERSION = YES;
				CLANG_WARN_NON_LITERAL_NULL_CONVERSION = YES;
				CLANG_WARN_OBJC_IMPLICIT_RETAIN_SELF = YES;
				CLANG_WARN_OBJC_LITERAL_CONVERSION = YES;
				CLANG_WARN_OBJC_ROOT_CLASS = YES_ERROR;
				CLANG_WARN_QUOTED_INCLUDE_IN_FRAMEWORK_HEADER = YES;
				CLANG_WARN_RANGE_LOOP_ANALYSIS = YES;
				CLANG_WARN_STRICT_PROTOTYPES = YES;
				CLANG_WARN_SUSPICIOUS_MOVE = YES;
				CLANG_WARN_UNGUARDED_AVAILABILITY = YES_AGGRESSIVE;
				CLANG_WARN_UNREACHABLE_CODE = YES;
				CLANG_WARN__DUPLICATE_METHOD_MATCH = YES;
				COPY_PHASE_STRIP = NO;
				DEBUG_INFORMATION_FORMAT = "dwarf-with-dsym";
				ENABLE_NS_ASSERTIONS = NO;
				ENABLE_STRICT_OBJC_MSGSEND = YES;
				ENABLE_USER_SCRIPT_SANDBOXING = YES;
				GCC_C_LANGUAGE_STANDARD = gnu17;
				GCC_NO_COMMON_BLOCKS = YES;
				GCC_WARN_64_TO_32_BIT_CONVERSION = YES;
				GCC_WARN_ABOUT_RETURN_TYPE = YES_ERROR;
				GCC_WARN_UNDECLARED_SELECTOR = YES;
				GCC_WARN_UNINITIALIZED_AUTOS = YES_AGGRESSIVE;
				GCC_WARN_UNUSED_FUNCTION = YES;
				GCC_WARN_UNUSED_VARIABLE = YES;
				LOCALIZATION_PREFERS_STRING_CATALOGS = YES;
				MTL_ENABLE_DEBUG_INFO = NO;
				MTL_FAST_MATH = YES;
				SWIFT_COMPILATION_MODE = wholemodule;
			};
			name = Release;
		};
		585B9F062B9FEF4300E8E7E7 /* Debug */ = {
			isa = XCBuildConfiguration;
			buildSettings = {
				ASSETCATALOG_COMPILER_APPICON_NAME = AppIcon;
				ASSETCATALOG_COMPILER_GLOBAL_ACCENT_COLOR_NAME = AccentColor;
				CODE_SIGN_ENTITLEMENTS = RockPaperScissor/RockPaperScissor.entitlements;
				CODE_SIGN_STYLE = Automatic;
				CURRENT_PROJECT_VERSION = 1;
				DEVELOPMENT_ASSET_PATHS = "\"RockPaperScissor/Preview Content\"";
				DEVELOPMENT_TEAM = MVR89QCKC5;
				ENABLE_HARDENED_RUNTIME = YES;
				ENABLE_PREVIEWS = YES;
				GENERATE_INFOPLIST_FILE = YES;
				"INFOPLIST_KEY_UIApplicationSceneManifest_Generation[sdk=iphoneos*]" = YES;
				"INFOPLIST_KEY_UIApplicationSceneManifest_Generation[sdk=iphonesimulator*]" = YES;
				"INFOPLIST_KEY_UIApplicationSupportsIndirectInputEvents[sdk=iphoneos*]" = YES;
				"INFOPLIST_KEY_UIApplicationSupportsIndirectInputEvents[sdk=iphonesimulator*]" = YES;
				"INFOPLIST_KEY_UILaunchScreen_Generation[sdk=iphoneos*]" = YES;
				"INFOPLIST_KEY_UILaunchScreen_Generation[sdk=iphonesimulator*]" = YES;
				"INFOPLIST_KEY_UIStatusBarStyle[sdk=iphoneos*]" = UIStatusBarStyleDefault;
				"INFOPLIST_KEY_UIStatusBarStyle[sdk=iphonesimulator*]" = UIStatusBarStyleDefault;
				INFOPLIST_KEY_UISupportedInterfaceOrientations_iPad = "UIInterfaceOrientationPortrait UIInterfaceOrientationPortraitUpsideDown UIInterfaceOrientationLandscapeLeft UIInterfaceOrientationLandscapeRight";
				INFOPLIST_KEY_UISupportedInterfaceOrientations_iPhone = "UIInterfaceOrientationPortrait UIInterfaceOrientationLandscapeLeft UIInterfaceOrientationLandscapeRight";
				IPHONEOS_DEPLOYMENT_TARGET = 17.2;
				LD_RUNPATH_SEARCH_PATHS = "@executable_path/Frameworks";
				"LD_RUNPATH_SEARCH_PATHS[sdk=macosx*]" = "@executable_path/../Frameworks";
				MACOSX_DEPLOYMENT_TARGET = 14.0;
				MARKETING_VERSION = 1.0;
				PRODUCT_BUNDLE_IDENTIFIER = itsmevarnica.RockPaperScissor;
				PRODUCT_NAME = "$(TARGET_NAME)";
				SDKROOT = auto;
				SUPPORTED_PLATFORMS = "iphoneos iphonesimulator macosx";
				SWIFT_EMIT_LOC_STRINGS = YES;
				SWIFT_VERSION = 5.0;
				TARGETED_DEVICE_FAMILY = "1,2";
			};
			name = Debug;
		};
		585B9F072B9FEF4300E8E7E7 /* Release */ = {
			isa = XCBuildConfiguration;
			buildSettings = {
				ASSETCATALOG_COMPILER_APPICON_NAME = AppIcon;
				ASSETCATALOG_COMPILER_GLOBAL_ACCENT_COLOR_NAME = AccentColor;
				CODE_SIGN_ENTITLEMENTS = RockPaperScissor/RockPaperScissor.entitlements;
				CODE_SIGN_STYLE = Automatic;
				CURRENT_PROJECT_VERSION = 1;
				DEVELOPMENT_ASSET_PATHS = "\"RockPaperScissor/Preview Content\"";
				DEVELOPMENT_TEAM = MVR89QCKC5;
				ENABLE_HARDENED_RUNTIME = YES;
				ENABLE_PREVIEWS = YES;
				GENERATE_INFOPLIST_FILE = YES;
				"INFOPLIST_KEY_UIApplicationSceneManifest_Generation[sdk=iphoneos*]" = YES;
				"INFOPLIST_KEY_UIApplicationSceneManifest_Generation[sdk=iphonesimulator*]" = YES;
				"INFOPLIST_KEY_UIApplicationSupportsIndirectInputEvents[sdk=iphoneos*]" = YES;
				"INFOPLIST_KEY_UIApplicationSupportsIndirectInputEvents[sdk=iphonesimulator*]" = YES;
				"INFOPLIST_KEY_UILaunchScreen_Generation[sdk=iphoneos*]" = YES;
				"INFOPLIST_KEY_UILaunchScreen_Generation[sdk=iphonesimulator*]" = YES;
				"INFOPLIST_KEY_UIStatusBarStyle[sdk=iphoneos*]" = UIStatusBarStyleDefault;
				"INFOPLIST_KEY_UIStatusBarStyle[sdk=iphonesimulator*]" = UIStatusBarStyleDefault;
				INFOPLIST_KEY_UISupportedInterfaceOrientations_iPad = "UIInterfaceOrientationPortrait UIInterfaceOrientationPortraitUpsideDown UIInterfaceOrientationLandscapeLeft UIInterfaceOrientationLandscapeRight";
				INFOPLIST_KEY_UISupportedInterfaceOrientations_iPhone = "UIInterfaceOrientationPortrait UIInterfaceOrientationLandscapeLeft UIInterfaceOrientationLandscapeRight";
				IPHONEOS_DEPLOYMENT_TARGET = 17.2;
				LD_RUNPATH_SEARCH_PATHS = "@executable_path/Frameworks";
				"LD_RUNPATH_SEARCH_PATHS[sdk=macosx*]" = "@executable_path/../Frameworks";
				MACOSX_DEPLOYMENT_TARGET = 14.0;
				MARKETING_VERSION = 1.0;
				PRODUCT_BUNDLE_IDENTIFIER = itsmevarnica.RockPaperScissor;
				PRODUCT_NAME = "$(TARGET_NAME)";
				SDKROOT = auto;
				SUPPORTED_PLATFORMS = "iphoneos iphonesimulator macosx";
				SWIFT_EMIT_LOC_STRINGS = YES;
				SWIFT_VERSION = 5.0;
				TARGETED_DEVICE_FAMILY = "1,2";
			};
			name = Release;
		};
		585B9F092B9FEF4300E8E7E7 /* Debug */ = {
			isa = XCBuildConfiguration;
			buildSettings = {
				ALWAYS_EMBED_SWIFT_STANDARD_LIBRARIES = YES;
				BUNDLE_LOADER = "$(TEST_HOST)";
				CODE_SIGN_STYLE = Automatic;
				CURRENT_PROJECT_VERSION = 1;
				DEVELOPMENT_TEAM = MVR89QCKC5;
				GENERATE_INFOPLIST_FILE = YES;
				IPHONEOS_DEPLOYMENT_TARGET = 17.2;
				MACOSX_DEPLOYMENT_TARGET = 14.1;
				MARKETING_VERSION = 1.0;
				PRODUCT_BUNDLE_IDENTIFIER = itsmevarnica.RockPaperScissorTests;
				PRODUCT_NAME = "$(TARGET_NAME)";
				SDKROOT = auto;
				SUPPORTED_PLATFORMS = "iphoneos iphonesimulator macosx";
				SWIFT_EMIT_LOC_STRINGS = NO;
				SWIFT_VERSION = 5.0;
				TARGETED_DEVICE_FAMILY = "1,2";
				TEST_HOST = "$(BUILT_PRODUCTS_DIR)/RockPaperScissor.app/$(BUNDLE_EXECUTABLE_FOLDER_PATH)/RockPaperScissor";
			};
			name = Debug;
		};
		585B9F0A2B9FEF4300E8E7E7 /* Release */ = {
			isa = XCBuildConfiguration;
			buildSettings = {
				ALWAYS_EMBED_SWIFT_STANDARD_LIBRARIES = YES;
				BUNDLE_LOADER = "$(TEST_HOST)";
				CODE_SIGN_STYLE = Automatic;
				CURRENT_PROJECT_VERSION = 1;
				DEVELOPMENT_TEAM = MVR89QCKC5;
				GENERATE_INFOPLIST_FILE = YES;
				IPHONEOS_DEPLOYMENT_TARGET = 17.2;
				MACOSX_DEPLOYMENT_TARGET = 14.1;
				MARKETING_VERSION = 1.0;
				PRODUCT_BUNDLE_IDENTIFIER = itsmevarnica.RockPaperScissorTests;
				PRODUCT_NAME = "$(TARGET_NAME)";
				SDKROOT = auto;
				SUPPORTED_PLATFORMS = "iphoneos iphonesimulator macosx";
				SWIFT_EMIT_LOC_STRINGS = NO;
				SWIFT_VERSION = 5.0;
				TARGETED_DEVICE_FAMILY = "1,2";
				TEST_HOST = "$(BUILT_PRODUCTS_DIR)/RockPaperScissor.app/$(BUNDLE_EXECUTABLE_FOLDER_PATH)/RockPaperScissor";
			};
			name = Release;
		};
		585B9F0C2B9FEF4300E8E7E7 /* Debug */ = {
			isa = XCBuildConfiguration;
			buildSettings = {
				ALWAYS_EMBED_SWIFT_STANDARD_LIBRARIES = YES;
				CODE_SIGN_STYLE = Automatic;
				CURRENT_PROJECT_VERSION = 1;
				DEVELOPMENT_TEAM = MVR89QCKC5;
				GENERATE_INFOPLIST_FILE = YES;
				IPHONEOS_DEPLOYMENT_TARGET = 17.2;
				MACOSX_DEPLOYMENT_TARGET = 14.1;
				MARKETING_VERSION = 1.0;
				PRODUCT_BUNDLE_IDENTIFIER = itsmevarnica.RockPaperScissorUITests;
				PRODUCT_NAME = "$(TARGET_NAME)";
				SDKROOT = auto;
				SUPPORTED_PLATFORMS = "iphoneos iphonesimulator macosx";
				SWIFT_EMIT_LOC_STRINGS = NO;
				SWIFT_VERSION = 5.0;
				TARGETED_DEVICE_FAMILY = "1,2";
				TEST_TARGET_NAME = RockPaperScissor;
			};
			name = Debug;
		};
		585B9F0D2B9FEF4300E8E7E7 /* Release */ = {
			isa = XCBuildConfiguration;
			buildSettings = {
				ALWAYS_EMBED_SWIFT_STANDARD_LIBRARIES = YES;
				CODE_SIGN_STYLE = Automatic;
				CURRENT_PROJECT_VERSION = 1;
				DEVELOPMENT_TEAM = MVR89QCKC5;
				GENERATE_INFOPLIST_FILE = YES;
				IPHONEOS_DEPLOYMENT_TARGET = 17.2;
				MACOSX_DEPLOYMENT_TARGET = 14.1;
				MARKETING_VERSION = 1.0;
				PRODUCT_BUNDLE_IDENTIFIER = itsmevarnica.RockPaperScissorUITests;
				PRODUCT_NAME = "$(TARGET_NAME)";
				SDKROOT = auto;
				SUPPORTED_PLATFORMS = "iphoneos iphonesimulator macosx";
				SWIFT_EMIT_LOC_STRINGS = NO;
				SWIFT_VERSION = 5.0;
				TARGETED_DEVICE_FAMILY = "1,2";
				TEST_TARGET_NAME = RockPaperScissor;
			};
			name = Release;
		};
/* End XCBuildConfiguration section */

/* Begin XCConfigurationList section */
		585B9ED92B9FEF4200E8E7E7 /* Build configuration list for PBXProject "RockPaperScissor" */ = {
			isa = XCConfigurationList;
			buildConfigurations = (
				585B9F032B9FEF4300E8E7E7 /* Debug */,
				585B9F042B9FEF4300E8E7E7 /* Release */,
			);
			defaultConfigurationIsVisible = 0;
			defaultConfigurationName = Release;
		};
		585B9F052B9FEF4300E8E7E7 /* Build configuration list for PBXNativeTarget "RockPaperScissor" */ = {
			isa = XCConfigurationList;
			buildConfigurations = (
				585B9F062B9FEF4300E8E7E7 /* Debug */,
				585B9F072B9FEF4300E8E7E7 /* Release */,
			);
			defaultConfigurationIsVisible = 0;
			defaultConfigurationName = Release;
		};
		585B9F082B9FEF4300E8E7E7 /* Build configuration list for PBXNativeTarget "RockPaperScissorTests" */ = {
			isa = XCConfigurationList;
			buildConfigurations = (
				585B9F092B9FEF4300E8E7E7 /* Debug */,
				585B9F0A2B9FEF4300E8E7E7 /* Release */,
			);
			defaultConfigurationIsVisible = 0;
			defaultConfigurationName = Release;
		};
		585B9F0B2B9FEF4300E8E7E7 /* Build configuration list for PBXNativeTarget "RockPaperScissorUITests" */ = {
			isa = XCConfigurationList;
			buildConfigurations = (
				585B9F0C2B9FEF4300E8E7E7 /* Debug */,
				585B9F0D2B9FEF4300E8E7E7 /* Release */,
			);
			defaultConfigurationIsVisible = 0;
			defaultConfigurationName = Release;
		};
/* End XCConfigurationList section */
	};
	rootObject = 585B9ED62B9FEF4200E8E7E7 /* Project object */;
}
